
Microsoft Visual Studio Solution File, Format Version 12.00
# Visual Studio Version 17
VisualStudioVersion = 17.12.35707.178 d17.12
MinimumVisualStudioVersion = 10.0.40219.1
Project("{2150E333-8FDC-42A3-9474-1A3956D46DE8}") = "EFK.Commons", "EFK.Commons", "{2EDCC64C-EDDB-4C58-8CA7-28A2E75E934F}"
EndProject
Project("{2150E333-8FDC-42A3-9474-1A3956D46DE8}") = "EFK.Gateway", "EFK.Gateway", "{439EE72D-437C-4005-8E1E-AEB2B961E385}"
EndProject
Project("{2150E333-8FDC-42A3-9474-1A3956D46DE8}") = "EFK.InsureNet", "EFK.InsureNet", "{EE355023-3F8A-40F8-9269-D9814F9E2670}"
EndProject
Project("{2150E333-8FDC-42A3-9474-1A3956D46DE8}") = "Core", "Core", "{58F66101-A9CB-40B0-A303-96FE23E14A0A}"
EndProject
Project("{2150E333-8FDC-42A3-9474-1A3956D46DE8}") = "Infrastructure", "Infrastructure", "{25EA5612-D53F-417C-9A73-DDB1819B524A}"
EndProject
Project("{FAE04EC0-301F-11D3-BF4B-00C04F79EFBC}") = "Commons.Persistence", "EFK.Commons\Infrastructure\Commons.Persistence\Commons.Persistence.csproj", "{F13DB502-068F-4E5B-9897-E0217D57AB65}"
EndProject
Project("{FAE04EC0-301F-11D3-BF4B-00C04F79EFBC}") = "Commons.Application", "EFK.Commons\Core\Commons.Application\Commons.Application.csproj", "{64F08F87-15ED-4249-A1F9-3BBB9F640258}"
EndProject
Project("{FAE04EC0-301F-11D3-BF4B-00C04F79EFBC}") = "Commons.Domain", "EFK.Commons\Core\Commons.Domain\Commons.Domain.csproj", "{887BBB27-D882-4A95-BB62-7271090DE989}"
EndProject
Project("{2150E333-8FDC-42A3-9474-1A3956D46DE8}") = "Presentation", "Presentation", "{A13477A2-6173-45C1-A9DC-885710E05D53}"
EndProject
Project("{2150E333-8FDC-42A3-9474-1A3956D46DE8}") = "Core", "Core", "{58ACDEA9-1EDA-4AD7-971D-EE9AC28713AE}"
EndProject
Project("{2150E333-8FDC-42A3-9474-1A3956D46DE8}") = "Infrastructure", "Infrastructure", "{0E90D75B-F1DD-4750-8F1A-12757094FC42}"
EndProject
Project("{2150E333-8FDC-42A3-9474-1A3956D46DE8}") = "Presentation", "Presentation", "{3845A807-C8BA-40A3-BF9E-E087FB2C82DB}"
EndProject
Project("{FAE04EC0-301F-11D3-BF4B-00C04F79EFBC}") = "InsureNet.Application", "EFK.InsureNet\Core\InsureNet.Application\InsureNet.Application.csproj", "{419232D2-3F75-4AA8-934F-79F8419B1907}"
EndProject
Project("{FAE04EC0-301F-11D3-BF4B-00C04F79EFBC}") = "InsureNet.Domain", "EFK.InsureNet\Core\InsureNet.Domain\InsureNet.Domain.csproj", "{B03EC3C9-9B03-4F1D-8A78-D61D90340734}"
EndProject
Project("{FAE04EC0-301F-11D3-BF4B-00C04F79EFBC}") = "Insure.Persistence", "EFK.InsureNet\Infrastructure\Insure.Persistence\Insure.Persistence.csproj", "{E90FC411-3ACD-4BAB-B8E5-FAD3C053902B}"
EndProject
Project("{FAE04EC0-301F-11D3-BF4B-00C04F79EFBC}") = "InsureNet.WebAPI", "EFK.InsureNet\Presentation\InsureNet.WebAPI\InsureNet.WebAPI.csproj", "{77EB552C-0210-40CF-BF02-4CD4AF371540}"
EndProject
Project("{FAE04EC0-301F-11D3-BF4B-00C04F79EFBC}") = "EFK.Gateway.API", "EFK.Gateway\Presentation\EFK.Gateway.API\EFK.Gateway.API.csproj", "{E126E335-6E02-4444-B17C-C5086206FDD1}"
EndProject
Global
	GlobalSection(SolutionConfigurationPlatforms) = preSolution
		Debug|Any CPU = Debug|Any CPU
		Release|Any CPU = Release|Any CPU
	EndGlobalSection
	GlobalSection(ProjectConfigurationPlatforms) = postSolution
		{F13DB502-068F-4E5B-9897-E0217D57AB65}.Debug|Any CPU.ActiveCfg = Debug|Any CPU
		{F13DB502-068F-4E5B-9897-E0217D57AB65}.Debug|Any CPU.Build.0 = Debug|Any CPU
		{F13DB502-068F-4E5B-9897-E0217D57AB65}.Release|Any CPU.ActiveCfg = Release|Any CPU
		{F13DB502-068F-4E5B-9897-E0217D57AB65}.Release|Any CPU.Build.0 = Release|Any CPU
		{64F08F87-15ED-4249-A1F9-3BBB9F640258}.Debug|Any CPU.ActiveCfg = Debug|Any CPU
		{64F08F87-15ED-4249-A1F9-3BBB9F640258}.Debug|Any CPU.Build.0 = Debug|Any CPU
		{64F08F87-15ED-4249-A1F9-3BBB9F640258}.Release|Any CPU.ActiveCfg = Release|Any CPU
		{64F08F87-15ED-4249-A1F9-3BBB9F640258}.Release|Any CPU.Build.0 = Release|Any CPU
		{887BBB27-D882-4A95-BB62-7271090DE989}.Debug|Any CPU.ActiveCfg = Debug|Any CPU
		{887BBB27-D882-4A95-BB62-7271090DE989}.Debug|Any CPU.Build.0 = Debug|Any CPU
		{887BBB27-D882-4A95-BB62-7271090DE989}.Release|Any CPU.ActiveCfg = Release|Any CPU
		{887BBB27-D882-4A95-BB62-7271090DE989}.Release|Any CPU.Build.0 = Release|Any CPU
		{419232D2-3F75-4AA8-934F-79F8419B1907}.Debug|Any CPU.ActiveCfg = Debug|Any CPU
		{419232D2-3F75-4AA8-934F-79F8419B1907}.Debug|Any CPU.Build.0 = Debug|Any CPU
		{419232D2-3F75-4AA8-934F-79F8419B1907}.Release|Any CPU.ActiveCfg = Release|Any CPU
		{419232D2-3F75-4AA8-934F-79F8419B1907}.Release|Any CPU.Build.0 = Release|Any CPU
		{B03EC3C9-9B03-4F1D-8A78-D61D90340734}.Debug|Any CPU.ActiveCfg = Debug|Any CPU
		{B03EC3C9-9B03-4F1D-8A78-D61D90340734}.Debug|Any CPU.Build.0 = Debug|Any CPU
		{B03EC3C9-9B03-4F1D-8A78-D61D90340734}.Release|Any CPU.ActiveCfg = Release|Any CPU
		{B03EC3C9-9B03-4F1D-8A78-D61D90340734}.Release|Any CPU.Build.0 = Release|Any CPU
		{E90FC411-3ACD-4BAB-B8E5-FAD3C053902B}.Debug|Any CPU.ActiveCfg = Debug|Any CPU
		{E90FC411-3ACD-4BAB-B8E5-FAD3C053902B}.Debug|Any CPU.Build.0 = Debug|Any CPU
		{E90FC411-3ACD-4BAB-B8E5-FAD3C053902B}.Release|Any CPU.ActiveCfg = Release|Any CPU
		{E90FC411-3ACD-4BAB-B8E5-FAD3C053902B}.Release|Any CPU.Build.0 = Release|Any CPU
		{77EB552C-0210-40CF-BF02-4CD4AF371540}.Debug|Any CPU.ActiveCfg = Debug|Any CPU
		{77EB552C-0210-40CF-BF02-4CD4AF371540}.Debug|Any CPU.Build.0 = Debug|Any CPU
		{77EB552C-0210-40CF-BF02-4CD4AF371540}.Release|Any CPU.ActiveCfg = Release|Any CPU
		{77EB552C-0210-40CF-BF02-4CD4AF371540}.Release|Any CPU.Build.0 = Release|Any CPU
		{E126E335-6E02-4444-B17C-C5086206FDD1}.Debug|Any CPU.ActiveCfg = Debug|Any CPU
		{E126E335-6E02-4444-B17C-C5086206FDD1}.Debug|Any CPU.Build.0 = Debug|Any CPU
		{E126E335-6E02-4444-B17C-C5086206FDD1}.Release|Any CPU.ActiveCfg = Release|Any CPU
		{E126E335-6E02-4444-B17C-C5086206FDD1}.Release|Any CPU.Build.0 = Release|Any CPU
	EndGlobalSection
	GlobalSection(SolutionProperties) = preSolution
		HideSolutionNode = FALSE
	EndGlobalSection
	GlobalSection(NestedProjects) = preSolution
		{58F66101-A9CB-40B0-A303-96FE23E14A0A} = {2EDCC64C-EDDB-4C58-8CA7-28A2E75E934F}
		{25EA5612-D53F-417C-9A73-DDB1819B524A} = {2EDCC64C-EDDB-4C58-8CA7-28A2E75E934F}
		{F13DB502-068F-4E5B-9897-E0217D57AB65} = {25EA5612-D53F-417C-9A73-DDB1819B524A}
		{64F08F87-15ED-4249-A1F9-3BBB9F640258} = {58F66101-A9CB-40B0-A303-96FE23E14A0A}
		{887BBB27-D882-4A95-BB62-7271090DE989} = {58F66101-A9CB-40B0-A303-96FE23E14A0A}
		{A13477A2-6173-45C1-A9DC-885710E05D53} = {439EE72D-437C-4005-8E1E-AEB2B961E385}
		{58ACDEA9-1EDA-4AD7-971D-EE9AC28713AE} = {EE355023-3F8A-40F8-9269-D9814F9E2670}
		{0E90D75B-F1DD-4750-8F1A-12757094FC42} = {EE355023-3F8A-40F8-9269-D9814F9E2670}
		{3845A807-C8BA-40A3-BF9E-E087FB2C82DB} = {EE355023-3F8A-40F8-9269-D9814F9E2670}
		{419232D2-3F75-4AA8-934F-79F8419B1907} = {58ACDEA9-1EDA-4AD7-971D-EE9AC28713AE}
		{B03EC3C9-9B03-4F1D-8A78-D61D90340734} = {58ACDEA9-1EDA-4AD7-971D-EE9AC28713AE}
		{E90FC411-3ACD-4BAB-B8E5-FAD3C053902B} = {0E90D75B-F1DD-4750-8F1A-12757094FC42}
		{77EB552C-0210-40CF-BF02-4CD4AF371540} = {3845A807-C8BA-40A3-BF9E-E087FB2C82DB}
		{E126E335-6E02-4444-B17C-C5086206FDD1} = {A13477A2-6173-45C1-A9DC-885710E05D53}
	EndGlobalSection
EndGlobal
